
Microsoft Visual Studio Solution File, Format Version 12.00
# Visual Studio Version 17
VisualStudioVersion = 17.5.002.0
MinimumVisualStudioVersion = 10.0.40219.1
Project("{9A19103F-16F7-4668-BE54-9A1E7A4F7556}") = "MinecraftSteveTeaches", "MinecraftSteveTeaches.csproj", "{27FF2C58-7379-48AF-AE81-6FE6263391EF}"
EndProject
Global
	GlobalSection(SolutionConfigurationPlatforms) = preSolution
		Debug|Any CPU = Debug|Any CPU
		Release|Any CPU = Release|Any CPU
	EndGlobalSection
	GlobalSection(ProjectConfigurationPlatforms) = postSolution
		{27FF2C58-7379-48AF-AE81-6FE6263391EF}.Debug|Any CPU.ActiveCfg = Debug|Any CPU
		{27FF2C58-7379-48AF-AE81-6FE6263391EF}.Debug|Any CPU.Build.0 = Debug|Any CPU
		{27FF2C58-7379-48AF-AE81-6FE6263391EF}.Release|Any CPU.ActiveCfg = Release|Any CPU
		{27FF2C58-7379-48AF-AE81-6FE6263391EF}.Release|Any CPU.Build.0 = Release|Any CPU
	EndGlobalSection
	GlobalSection(SolutionProperties) = preSolution
		HideSolutionNode = FALSE
	EndGlobalSection
	GlobalSection(ExtensibilityGlobals) = postSolution
		SolutionGuid = {D75A2F4A-F7EE-4C1F-8AF1-6E1DBF790C26}
	EndGlobalSection
EndGlobal
